
Microsoft Visual Studio Solution File, Format Version 12.00
# Visual Studio 15
VisualStudioVersion = 15.0.28307.1321
MinimumVisualStudioVersion = 10.0.40219.1
Project("{FAE04EC0-301F-11D3-BF4B-00C04F79EFBC}") = "Kutuphane", "Kutuphane\Kutuphane.csproj", "{4221B8F8-ADED-403E-B94B-7BE36F2D9403}"
EndProject
Global
	GlobalSection(SolutionConfigurationPlatforms) = preSolution
		Debug|Any CPU = Debug|Any CPU
		Release|Any CPU = Release|Any CPU
	EndGlobalSection
	GlobalSection(ProjectConfigurationPlatforms) = postSolution
		{4221B8F8-ADED-403E-B94B-7BE36F2D9403}.Debug|Any CPU.ActiveCfg = Debug|Any CPU
		{4221B8F8-ADED-403E-B94B-7BE36F2D9403}.Debug|Any CPU.Build.0 = Debug|Any CPU
		{4221B8F8-ADED-403E-B94B-7BE36F2D9403}.Release|Any CPU.ActiveCfg = Release|Any CPU
		{4221B8F8-ADED-403E-B94B-7BE36F2D9403}.Release|Any CPU.Build.0 = Release|Any CPU
	EndGlobalSection
	GlobalSection(SolutionProperties) = preSolution
		HideSolutionNode = FALSE
	EndGlobalSection
	GlobalSection(ExtensibilityGlobals) = postSolution
		SolutionGuid = {49D49ED9-BB00-467A-87DF-9E1755E66D49}
	EndGlobalSection
EndGlobal
